{
  "R": {
    "Version": "4.2.0",
    "Repositories": [
      {
        "Name": "CRAN",
        "URL": "https://cran.rstudio.com"
      }
    ]
  },
  "Packages": {
    "Strategus": {
      "Package": "Strategus",
      "Version": "1.3.1",
      "Source": "GitHub",
      "RemoteType": "github",
      "RemoteHost": "api.github.com",
      "RemoteUsername": "OHDSI",
      "RemoteRepo": "Strategus",
      "RemoteRef": "main"
    },
    "DatabaseConnector": {
      "Package": "DatabaseConnector",
      "Version": "6.3.2",
      "Source": "GitHub",
      "RemoteType": "github",
      "RemoteHost": "api.github.com",
      "RemoteUsername": "OHDSI",
      "RemoteRepo": "DatabaseConnector",
      "RemoteRef": "main"
    },
    "PatientLevelPrediction": {
      "Package": "PatientLevelPrediction",
      "Version": "7.0.8",
      "Source": "GitHub",
      "RemoteType": "github",
      "RemoteHost": "api.github.com",
      "RemoteUsername": "OHDSI",
      "RemoteRepo": "PatientLevelPrediction",
      "RemoteRef": "main"
    },
    "CohortGenerator": {
      "Package": "CohortGenerator",
      "Version": "0.11.1",
      "Source": "GitHub",
      "RemoteType": "github",
      "RemoteHost": "api.github.com",
      "RemoteUsername": "OHDSI",
      "RemoteRepo": "CohortGenerator",
      "RemoteRef": "main"
    },
    "CohortDiagnostics": {
      "Package": "CohortDiagnostics",
      "Version": "3.4.0",
      "Source": "GitHub",
      "RemoteType": "github",
      "RemoteHost": "api.github.com",
      "RemoteUsername": "OHDSI",
      "RemoteRepo": "CohortDiagnostics",
      "RemoteRef": "main"
    },
    "FeatureExtraction": {
      "Package": "FeatureExtraction",
      "Version": "3.7.0",
      "Source": "GitHub",
      "RemoteType": "github",
      "RemoteHost": "api.github.com",
      "RemoteUsername": "OHDSI",
      "RemoteRepo": "FeatureExtraction",
      "RemoteRef": "main"
    },
    "ParallelLogger": {
      "Package": "ParallelLogger",
      "Version": "3.3.0",
      "Source": "GitHub",
      "RemoteType": "github",
      "RemoteHost": "api.github.com",
      "RemoteUsername": "OHDSI",
      "RemoteRepo": "ParallelLogger",
      "RemoteRef": "main"
    },
    "SqlRender": {
      "Package": "SqlRender",
      "Version": "1.18.0",
      "Source": "GitHub",
      "RemoteType": "github",
      "RemoteHost": "api.github.com",
      "RemoteUsername": "OHDSI",
      "RemoteRepo": "SqlRender",
      "RemoteRef": "main"
    },
    "CirceR": {
      "Package": "CirceR",
      "Version": "1.3.4",
      "Source": "GitHub",
      "RemoteType": "github",
      "RemoteHost": "api.github.com",
      "RemoteUsername": "OHDSI",
      "RemoteRepo": "CirceR",
      "RemoteRef": "main"
    },
    "R6": {
      "Package": "R6",
      "Version": "2.5.1",
      "Source": "Repository",
      "Repository": "CRAN"
    },
    "dplyr": {
      "Package": "dplyr",
      "Version": "1.1.4",
      "Source": "Repository",
      "Repository": "CRAN"
    },
    "tibble": {
      "Package": "tibble",
      "Version": "3.2.1",
      "Source": "Repository",
      "Repository": "CRAN"
    },
    "ff": {
      "Package": "ff",
      "Version": "4.0.9",
      "Source": "Repository",
      "Repository": "CRAN"
    },
    "keyring": {
      "Package": "keyring",
      "Version": "1.3.2",
      "Source": "Repository",
      "Repository": "CRAN"
    }
  }
}
